
Microsoft Visual Studio Solution File, Format Version 12.00
# Visual Studio Version 16
VisualStudioVersion = 16.0.28803.352
MinimumVisualStudioVersion = 10.0.40219.1
Project("{FAE04EC0-301F-11D3-BF4B-00C04F79EFBC}") = "Wpf_Farmers_Friend2", "Wpf_sample1\Wpf_Farmers_Friend2.csproj", "{B8775F3B-2C95-4A95-A9E8-17346CCA233D}"
EndProject
Global
	GlobalSection(SolutionConfigurationPlatforms) = preSolution
		Debug|Any CPU = Debug|Any CPU
		Release|Any CPU = Release|Any CPU
	EndGlobalSection
	GlobalSection(ProjectConfigurationPlatforms) = postSolution
		{B8775F3B-2C95-4A95-A9E8-17346CCA233D}.Debug|Any CPU.ActiveCfg = Debug|Any CPU
		{B8775F3B-2C95-4A95-A9E8-17346CCA233D}.Debug|Any CPU.Build.0 = Debug|Any CPU
		{B8775F3B-2C95-4A95-A9E8-17346CCA233D}.Release|Any CPU.ActiveCfg = Release|Any CPU
		{B8775F3B-2C95-4A95-A9E8-17346CCA233D}.Release|Any CPU.Build.0 = Release|Any CPU
	EndGlobalSection
	GlobalSection(SolutionProperties) = preSolution
		HideSolutionNode = FALSE
	EndGlobalSection
	GlobalSection(ExtensibilityGlobals) = postSolution
		SolutionGuid = {A27B7F99-0947-4058-87B6-34A39CD242B1}
	EndGlobalSection
EndGlobal
